
Microsoft Visual Studio Solution File, Format Version 12.00
# Visual Studio Version 16
VisualStudioVersion = 16.0.31025.194
MinimumVisualStudioVersion = 10.0.40219.1
Project("{2150E333-8FDC-42A3-9474-1A3956D46DE8}") = "src", "src", "{22CB96CD-1573-46CA-BB57-B30C7AD9F48F}"
EndProject
Project("{2150E333-8FDC-42A3-9474-1A3956D46DE8}") = "Web", "Web", "{056D5C1C-C8B4-4CFC-A0BA-A096ADEEA3E3}"
EndProject
Project("{2150E333-8FDC-42A3-9474-1A3956D46DE8}") = "Core", "Core", "{FF4D1D44-A477-4F01-903B-B7B154D4CDD6}"
EndProject
Project("{9A19103F-16F7-4668-BE54-9A1E7A4F7556}") = "Application", "src\Core\Application\Application.csproj", "{364CA767-8986-464A-A838-A757BE9EDEE0}"
EndProject
Project("{9A19103F-16F7-4668-BE54-9A1E7A4F7556}") = "Domain", "src\Core\Domain\Domain.csproj", "{04AF6D97-E9FA-41C4-AA15-DD300781502A}"
EndProject
Project("{2150E333-8FDC-42A3-9474-1A3956D46DE8}") = "Infrastructure", "Infrastructure", "{F32996D0-D9B3-417B-BD31-D32ACCBEB563}"
EndProject
Project("{9A19103F-16F7-4668-BE54-9A1E7A4F7556}") = "Database", "src\Infrastructure\Database\Database.csproj", "{71D3F9EC-4BF2-45B2-856F-11C8BC444ABF}"
EndProject
Project("{FAE04EC0-301F-11D3-BF4B-00C04F79EFBC}") = "WebApi", "src\Web\WebApi\WebApi.csproj", "{CB5EEDA1-0D9D-4327-ADFB-DD6436C8F325}"
EndProject
Project("{FAE04EC0-301F-11D3-BF4B-00C04F79EFBC}") = "Models", "src\Core\Models\Models.csproj", "{DA9F2566-9665-49C6-AC85-EA2AD8B228F5}"
EndProject
Project("{9A19103F-16F7-4668-BE54-9A1E7A4F7556}") = "Logic", "src\Infrastructure\Logic\Logic.csproj", "{4432B82C-D0AB-48C3-B218-576C11E55C34}"
EndProject
Global
	GlobalSection(SolutionConfigurationPlatforms) = preSolution
		Debug|Any CPU = Debug|Any CPU
		Release|Any CPU = Release|Any CPU
	EndGlobalSection
	GlobalSection(ProjectConfigurationPlatforms) = postSolution
		{364CA767-8986-464A-A838-A757BE9EDEE0}.Debug|Any CPU.ActiveCfg = Debug|Any CPU
		{364CA767-8986-464A-A838-A757BE9EDEE0}.Debug|Any CPU.Build.0 = Debug|Any CPU
		{364CA767-8986-464A-A838-A757BE9EDEE0}.Release|Any CPU.ActiveCfg = Release|Any CPU
		{364CA767-8986-464A-A838-A757BE9EDEE0}.Release|Any CPU.Build.0 = Release|Any CPU
		{04AF6D97-E9FA-41C4-AA15-DD300781502A}.Debug|Any CPU.ActiveCfg = Debug|Any CPU
		{04AF6D97-E9FA-41C4-AA15-DD300781502A}.Debug|Any CPU.Build.0 = Debug|Any CPU
		{04AF6D97-E9FA-41C4-AA15-DD300781502A}.Release|Any CPU.ActiveCfg = Release|Any CPU
		{04AF6D97-E9FA-41C4-AA15-DD300781502A}.Release|Any CPU.Build.0 = Release|Any CPU
		{71D3F9EC-4BF2-45B2-856F-11C8BC444ABF}.Debug|Any CPU.ActiveCfg = Debug|Any CPU
		{71D3F9EC-4BF2-45B2-856F-11C8BC444ABF}.Debug|Any CPU.Build.0 = Debug|Any CPU
		{71D3F9EC-4BF2-45B2-856F-11C8BC444ABF}.Release|Any CPU.ActiveCfg = Release|Any CPU
		{71D3F9EC-4BF2-45B2-856F-11C8BC444ABF}.Release|Any CPU.Build.0 = Release|Any CPU
		{CB5EEDA1-0D9D-4327-ADFB-DD6436C8F325}.Debug|Any CPU.ActiveCfg = Debug|Any CPU
		{CB5EEDA1-0D9D-4327-ADFB-DD6436C8F325}.Debug|Any CPU.Build.0 = Debug|Any CPU
		{CB5EEDA1-0D9D-4327-ADFB-DD6436C8F325}.Release|Any CPU.ActiveCfg = Release|Any CPU
		{CB5EEDA1-0D9D-4327-ADFB-DD6436C8F325}.Release|Any CPU.Build.0 = Release|Any CPU
		{DA9F2566-9665-49C6-AC85-EA2AD8B228F5}.Debug|Any CPU.ActiveCfg = Debug|Any CPU
		{DA9F2566-9665-49C6-AC85-EA2AD8B228F5}.Debug|Any CPU.Build.0 = Debug|Any CPU
		{DA9F2566-9665-49C6-AC85-EA2AD8B228F5}.Release|Any CPU.ActiveCfg = Release|Any CPU
		{DA9F2566-9665-49C6-AC85-EA2AD8B228F5}.Release|Any CPU.Build.0 = Release|Any CPU
		{4432B82C-D0AB-48C3-B218-576C11E55C34}.Debug|Any CPU.ActiveCfg = Debug|Any CPU
		{4432B82C-D0AB-48C3-B218-576C11E55C34}.Debug|Any CPU.Build.0 = Debug|Any CPU
		{4432B82C-D0AB-48C3-B218-576C11E55C34}.Release|Any CPU.ActiveCfg = Release|Any CPU
		{4432B82C-D0AB-48C3-B218-576C11E55C34}.Release|Any CPU.Build.0 = Release|Any CPU
	EndGlobalSection
	GlobalSection(SolutionProperties) = preSolution
		HideSolutionNode = FALSE
	EndGlobalSection
	GlobalSection(NestedProjects) = preSolution
		{056D5C1C-C8B4-4CFC-A0BA-A096ADEEA3E3} = {22CB96CD-1573-46CA-BB57-B30C7AD9F48F}
		{FF4D1D44-A477-4F01-903B-B7B154D4CDD6} = {22CB96CD-1573-46CA-BB57-B30C7AD9F48F}
		{364CA767-8986-464A-A838-A757BE9EDEE0} = {FF4D1D44-A477-4F01-903B-B7B154D4CDD6}
		{04AF6D97-E9FA-41C4-AA15-DD300781502A} = {FF4D1D44-A477-4F01-903B-B7B154D4CDD6}
		{F32996D0-D9B3-417B-BD31-D32ACCBEB563} = {22CB96CD-1573-46CA-BB57-B30C7AD9F48F}
		{71D3F9EC-4BF2-45B2-856F-11C8BC444ABF} = {F32996D0-D9B3-417B-BD31-D32ACCBEB563}
		{CB5EEDA1-0D9D-4327-ADFB-DD6436C8F325} = {056D5C1C-C8B4-4CFC-A0BA-A096ADEEA3E3}
		{DA9F2566-9665-49C6-AC85-EA2AD8B228F5} = {FF4D1D44-A477-4F01-903B-B7B154D4CDD6}
		{4432B82C-D0AB-48C3-B218-576C11E55C34} = {F32996D0-D9B3-417B-BD31-D32ACCBEB563}
	EndGlobalSection
	GlobalSection(ExtensibilityGlobals) = postSolution
		SolutionGuid = {4B4D6393-46F2-4A31-9224-A1735B303FC4}
	EndGlobalSection
EndGlobal
